{
  "name": "addition",
  "version": "1.0.0",
  "lockfileVersion": 3,
  "requires": true,
  "packages": {
    "": {
      "name": "addition",
      "version": "1.0.0",
      "license": "ISC",
      "dependencies": {
        "chendhur1515": "^1.1.0"
      }
    },
    "node_modules/chendhur1515": {
      "version": "1.1.0",
      "resolved": "https://registry.npmjs.org/chendhur1515/-/chendhur1515-1.1.0.tgz",
      "integrity": "sha512-bX7JrtiFwLW/T4rWlUkDQtT9opwzB9O0gIOZfIp82fSM9iI4f6IYqw4GRLMZoRqd79DfjAyZHCLExMRQj4df0w==",
      "license": "ISC"
    }
  }
}
